
Microsoft Visual Studio Solution File, Format Version 12.00
# Visual Studio 14
VisualStudioVersion = 14.0.25123.0
MinimumVisualStudioVersion = 10.0.40219.1
Project("{FAE04EC0-301F-11D3-BF4B-00C04F79EFBC}") = "PCCM.Legacy", "PCCM\PCCM.Legacy.csproj", "{B44889D8-7BA6-4A68-952D-08D51857B83F}"
EndProject
Project("{FAE04EC0-301F-11D3-BF4B-00C04F79EFBC}") = "PCCM.Web.Repository", "PCCM.Repository\PCCM.Web.Repository.csproj", "{1D5E3DF5-F3F2-47C8-BC3F-41BA5C0D197A}"
EndProject
Project("{FAE04EC0-301F-11D3-BF4B-00C04F79EFBC}") = "PCCM.Web.Resources", "PCCM.Resources\PCCM.Web.Resources.csproj", "{9374C470-F846-499F-943E-B8A752ED0DAB}"
EndProject
Project("{FAE04EC0-301F-11D3-BF4B-00C04F79EFBC}") = "PCCM.Web.Model", "PCCM.Model\PCCM.Web.Model.csproj", "{5DBDFB8A-CFE7-4D4E-9181-24404775227C}"
EndProject
Project("{FAE04EC0-301F-11D3-BF4B-00C04F79EFBC}") = "PCCM.Web", "PCCM.Web\PCCM.Web.csproj", "{384FB20B-6C4B-4EB1-8E0B-F6F14129D14C}"
EndProject
Global
	GlobalSection(SolutionConfigurationPlatforms) = preSolution
		Debug|Any CPU = Debug|Any CPU
		Release|Any CPU = Release|Any CPU
	EndGlobalSection
	GlobalSection(ProjectConfigurationPlatforms) = postSolution
		{B44889D8-7BA6-4A68-952D-08D51857B83F}.Debug|Any CPU.ActiveCfg = Debug|Any CPU
		{B44889D8-7BA6-4A68-952D-08D51857B83F}.Debug|Any CPU.Build.0 = Debug|Any CPU
		{B44889D8-7BA6-4A68-952D-08D51857B83F}.Release|Any CPU.ActiveCfg = Release|Any CPU
		{B44889D8-7BA6-4A68-952D-08D51857B83F}.Release|Any CPU.Build.0 = Release|Any CPU
		{1D5E3DF5-F3F2-47C8-BC3F-41BA5C0D197A}.Debug|Any CPU.ActiveCfg = Debug|Any CPU
		{1D5E3DF5-F3F2-47C8-BC3F-41BA5C0D197A}.Debug|Any CPU.Build.0 = Debug|Any CPU
		{1D5E3DF5-F3F2-47C8-BC3F-41BA5C0D197A}.Release|Any CPU.ActiveCfg = Release|Any CPU
		{1D5E3DF5-F3F2-47C8-BC3F-41BA5C0D197A}.Release|Any CPU.Build.0 = Release|Any CPU
		{9374C470-F846-499F-943E-B8A752ED0DAB}.Debug|Any CPU.ActiveCfg = Debug|Any CPU
		{9374C470-F846-499F-943E-B8A752ED0DAB}.Debug|Any CPU.Build.0 = Debug|Any CPU
		{9374C470-F846-499F-943E-B8A752ED0DAB}.Release|Any CPU.ActiveCfg = Release|Any CPU
		{9374C470-F846-499F-943E-B8A752ED0DAB}.Release|Any CPU.Build.0 = Release|Any CPU
		{5DBDFB8A-CFE7-4D4E-9181-24404775227C}.Debug|Any CPU.ActiveCfg = Debug|Any CPU
		{5DBDFB8A-CFE7-4D4E-9181-24404775227C}.Debug|Any CPU.Build.0 = Debug|Any CPU
		{5DBDFB8A-CFE7-4D4E-9181-24404775227C}.Release|Any CPU.ActiveCfg = Release|Any CPU
		{5DBDFB8A-CFE7-4D4E-9181-24404775227C}.Release|Any CPU.Build.0 = Release|Any CPU
		{384FB20B-6C4B-4EB1-8E0B-F6F14129D14C}.Debug|Any CPU.ActiveCfg = Debug|Any CPU
		{384FB20B-6C4B-4EB1-8E0B-F6F14129D14C}.Debug|Any CPU.Build.0 = Debug|Any CPU
		{384FB20B-6C4B-4EB1-8E0B-F6F14129D14C}.Release|Any CPU.ActiveCfg = Release|Any CPU
		{384FB20B-6C4B-4EB1-8E0B-F6F14129D14C}.Release|Any CPU.Build.0 = Release|Any CPU
	EndGlobalSection
	GlobalSection(SolutionProperties) = preSolution
		HideSolutionNode = FALSE
	EndGlobalSection
EndGlobal
